
Microsoft Visual Studio Solution File, Format Version 12.00
# Visual Studio 2012
Project("{FAE04EC0-301F-11D3-BF4B-00C04F79EFBC}") = "DomainCore", "DomainCore\DomainCore.csproj", "{B7684CDC-2F53-4AE8-B188-B68CC1BB4935}"
EndProject
Project("{FAE04EC0-301F-11D3-BF4B-00C04F79EFBC}") = "Infrastructure", "Infrastructure\Infrastructure.csproj", "{CE001F9C-79EF-4614-A472-AF8A5BA197F0}"
EndProject
Project("{FAE04EC0-301F-11D3-BF4B-00C04F79EFBC}") = "WebApp", "WebApp\WebApp.csproj", "{FE8CB13F-3F64-4A37-A25F-65833E0F9BEA}"
EndProject
Project("{FAE04EC0-301F-11D3-BF4B-00C04F79EFBC}") = "Application", "Application\Application.csproj", "{DF7022B2-3F9C-40C2-A5EE-4996CEC44FFC}"
EndProject
Project("{FAE04EC0-301F-11D3-BF4B-00C04F79EFBC}") = "Common", "Common\Common.csproj", "{48A371CF-BB87-4261-89DF-F3346A5785AF}"
EndProject
Global
	GlobalSection(SolutionConfigurationPlatforms) = preSolution
		Debug|Any CPU = Debug|Any CPU
		Release|Any CPU = Release|Any CPU
	EndGlobalSection
	GlobalSection(ProjectConfigurationPlatforms) = postSolution
		{B7684CDC-2F53-4AE8-B188-B68CC1BB4935}.Debug|Any CPU.ActiveCfg = Debug|Any CPU
		{B7684CDC-2F53-4AE8-B188-B68CC1BB4935}.Debug|Any CPU.Build.0 = Debug|Any CPU
		{B7684CDC-2F53-4AE8-B188-B68CC1BB4935}.Release|Any CPU.ActiveCfg = Release|Any CPU
		{B7684CDC-2F53-4AE8-B188-B68CC1BB4935}.Release|Any CPU.Build.0 = Release|Any CPU
		{CE001F9C-79EF-4614-A472-AF8A5BA197F0}.Debug|Any CPU.ActiveCfg = Debug|Any CPU
		{CE001F9C-79EF-4614-A472-AF8A5BA197F0}.Debug|Any CPU.Build.0 = Debug|Any CPU
		{CE001F9C-79EF-4614-A472-AF8A5BA197F0}.Release|Any CPU.ActiveCfg = Release|Any CPU
		{CE001F9C-79EF-4614-A472-AF8A5BA197F0}.Release|Any CPU.Build.0 = Release|Any CPU
		{FE8CB13F-3F64-4A37-A25F-65833E0F9BEA}.Debug|Any CPU.ActiveCfg = Debug|Any CPU
		{FE8CB13F-3F64-4A37-A25F-65833E0F9BEA}.Debug|Any CPU.Build.0 = Debug|Any CPU
		{FE8CB13F-3F64-4A37-A25F-65833E0F9BEA}.Release|Any CPU.ActiveCfg = Release|Any CPU
		{FE8CB13F-3F64-4A37-A25F-65833E0F9BEA}.Release|Any CPU.Build.0 = Release|Any CPU
		{DF7022B2-3F9C-40C2-A5EE-4996CEC44FFC}.Debug|Any CPU.ActiveCfg = Debug|Any CPU
		{DF7022B2-3F9C-40C2-A5EE-4996CEC44FFC}.Debug|Any CPU.Build.0 = Debug|Any CPU
		{DF7022B2-3F9C-40C2-A5EE-4996CEC44FFC}.Release|Any CPU.ActiveCfg = Release|Any CPU
		{DF7022B2-3F9C-40C2-A5EE-4996CEC44FFC}.Release|Any CPU.Build.0 = Release|Any CPU
		{48A371CF-BB87-4261-89DF-F3346A5785AF}.Debug|Any CPU.ActiveCfg = Debug|Any CPU
		{48A371CF-BB87-4261-89DF-F3346A5785AF}.Debug|Any CPU.Build.0 = Debug|Any CPU
		{48A371CF-BB87-4261-89DF-F3346A5785AF}.Release|Any CPU.ActiveCfg = Release|Any CPU
		{48A371CF-BB87-4261-89DF-F3346A5785AF}.Release|Any CPU.Build.0 = Release|Any CPU
	EndGlobalSection
	GlobalSection(MonoDevelopProperties) = preSolution
		Policies = $0
		$0.DotNetNamingPolicy = $1
		$1.DirectoryNamespaceAssociation = PrefixedHierarchical
		$0.TextStylePolicy = $2
		$2.inheritsSet = null
		$2.scope = text/x-csharp
		$0.CSharpFormattingPolicy = $3
		$3.scope = text/x-csharp
		$0.TextStylePolicy = $4
		$4.TabsToSpaces = True
		$4.scope = text/plain
		$0.TextStylePolicy = $5
		$5.inheritsSet = null
		$5.scope = text/x-json
		$0.JSONFormattingPolicy = $6
		$6.AutoStructureCompletion = True
		$6.BracePositions = SemiExpanded
		$6.FormatOnPaste = True
		$6.scope = text/x-json
		$0.TextStylePolicy = $7
		$7.inheritsSet = null
		$7.scope = text/x-web
		$0.TextStylePolicy = $8
		$8.inheritsSet = null
		$8.scope = text/x-cshtml
		$0.StandardHeader = $9
		$0.VersionControlPolicy = $10
	EndGlobalSection
EndGlobal
